
Microsoft Visual Studio Solution File, Format Version 12.00
# Visual Studio Version 16
VisualStudioVersion = 16.0.29503.13
MinimumVisualStudioVersion = 10.0.40219.1
Project("{9A19103F-16F7-4668-BE54-9A1E7A4F7556}") = "CEDTeam.CES.Core", "CEDTeam.CES.Core\CEDTeam.CES.Core.csproj", "{1CFEA2EF-0AC8-4706-A66B-C35C89FFD3BC}"
EndProject
Project("{9A19103F-16F7-4668-BE54-9A1E7A4F7556}") = "CEDTeam.CES.Infrastructure", "CEDTeam.CES.Infrastructure\CEDTeam.CES.Infrastructure.csproj", "{56DC3173-F5F1-4DDA-831E-ADFBEDB1A2F8}"
EndProject
Project("{9A19103F-16F7-4668-BE54-9A1E7A4F7556}") = "CEDTeam.CES.Web", "CEDTeam.CES.Web\CEDTeam.CES.Web.csproj", "{C78C7D11-491B-4710-919D-305DA4B269DF}"
EndProject
Global
	GlobalSection(SolutionConfigurationPlatforms) = preSolution
		Debug|Any CPU = Debug|Any CPU
		Release|Any CPU = Release|Any CPU
	EndGlobalSection
	GlobalSection(ProjectConfigurationPlatforms) = postSolution
		{1CFEA2EF-0AC8-4706-A66B-C35C89FFD3BC}.Debug|Any CPU.ActiveCfg = Debug|Any CPU
		{1CFEA2EF-0AC8-4706-A66B-C35C89FFD3BC}.Debug|Any CPU.Build.0 = Debug|Any CPU
		{1CFEA2EF-0AC8-4706-A66B-C35C89FFD3BC}.Release|Any CPU.ActiveCfg = Release|Any CPU
		{1CFEA2EF-0AC8-4706-A66B-C35C89FFD3BC}.Release|Any CPU.Build.0 = Release|Any CPU
		{56DC3173-F5F1-4DDA-831E-ADFBEDB1A2F8}.Debug|Any CPU.ActiveCfg = Debug|Any CPU
		{56DC3173-F5F1-4DDA-831E-ADFBEDB1A2F8}.Debug|Any CPU.Build.0 = Debug|Any CPU
		{56DC3173-F5F1-4DDA-831E-ADFBEDB1A2F8}.Release|Any CPU.ActiveCfg = Release|Any CPU
		{56DC3173-F5F1-4DDA-831E-ADFBEDB1A2F8}.Release|Any CPU.Build.0 = Release|Any CPU
		{C78C7D11-491B-4710-919D-305DA4B269DF}.Debug|Any CPU.ActiveCfg = Debug|Any CPU
		{C78C7D11-491B-4710-919D-305DA4B269DF}.Debug|Any CPU.Build.0 = Debug|Any CPU
		{C78C7D11-491B-4710-919D-305DA4B269DF}.Release|Any CPU.ActiveCfg = Release|Any CPU
		{C78C7D11-491B-4710-919D-305DA4B269DF}.Release|Any CPU.Build.0 = Release|Any CPU
	EndGlobalSection
	GlobalSection(SolutionProperties) = preSolution
		HideSolutionNode = FALSE
	EndGlobalSection
	GlobalSection(ExtensibilityGlobals) = postSolution
		SolutionGuid = {ABB17000-2D01-4C87-A224-C88AE67C140F}
	EndGlobalSection
EndGlobal
